
Microsoft Visual Studio Solution File, Format Version 12.00
# Visual Studio Version 17
VisualStudioVersion = 17.7.34024.191
MinimumVisualStudioVersion = 10.0.40219.1
Project("{9A19103F-16F7-4668-BE54-9A1E7A4F7556}") = "PatrochBlog.Core", "PatrochBlog.Core\PatrochBlog.Core.csproj", "{4B76AAE9-C198-43A7-A9AC-BA4C1116FD4C}"
EndProject
Project("{9A19103F-16F7-4668-BE54-9A1E7A4F7556}") = "PatrochBlog.Infrastructure", "PatrochBlog.Infrastructure\PatrochBlog.Infrastructure.csproj", "{0390D9DF-1F48-4FDC-86E7-D9CE7F2F1F41}"
EndProject
Project("{FAE04EC0-301F-11D3-BF4B-00C04F79EFBC}") = "PatrochBlog.Api", "PatrochBlog.Api\PatrochBlog.Api.csproj", "{9EE3B1CF-272B-40CC-BDE7-07774521EF47}"
EndProject
Global
	GlobalSection(SolutionConfigurationPlatforms) = preSolution
		Debug|Any CPU = Debug|Any CPU
		Release|Any CPU = Release|Any CPU
	EndGlobalSection
	GlobalSection(ProjectConfigurationPlatforms) = postSolution
		{4B76AAE9-C198-43A7-A9AC-BA4C1116FD4C}.Debug|Any CPU.ActiveCfg = Debug|Any CPU
		{4B76AAE9-C198-43A7-A9AC-BA4C1116FD4C}.Debug|Any CPU.Build.0 = Debug|Any CPU
		{4B76AAE9-C198-43A7-A9AC-BA4C1116FD4C}.Release|Any CPU.ActiveCfg = Release|Any CPU
		{4B76AAE9-C198-43A7-A9AC-BA4C1116FD4C}.Release|Any CPU.Build.0 = Release|Any CPU
		{0390D9DF-1F48-4FDC-86E7-D9CE7F2F1F41}.Debug|Any CPU.ActiveCfg = Debug|Any CPU
		{0390D9DF-1F48-4FDC-86E7-D9CE7F2F1F41}.Debug|Any CPU.Build.0 = Debug|Any CPU
		{0390D9DF-1F48-4FDC-86E7-D9CE7F2F1F41}.Release|Any CPU.ActiveCfg = Release|Any CPU
		{0390D9DF-1F48-4FDC-86E7-D9CE7F2F1F41}.Release|Any CPU.Build.0 = Release|Any CPU
		{9EE3B1CF-272B-40CC-BDE7-07774521EF47}.Debug|Any CPU.ActiveCfg = Debug|Any CPU
		{9EE3B1CF-272B-40CC-BDE7-07774521EF47}.Debug|Any CPU.Build.0 = Debug|Any CPU
		{9EE3B1CF-272B-40CC-BDE7-07774521EF47}.Release|Any CPU.ActiveCfg = Release|Any CPU
		{9EE3B1CF-272B-40CC-BDE7-07774521EF47}.Release|Any CPU.Build.0 = Release|Any CPU
	EndGlobalSection
	GlobalSection(SolutionProperties) = preSolution
		HideSolutionNode = FALSE
	EndGlobalSection
	GlobalSection(ExtensibilityGlobals) = postSolution
		SolutionGuid = {936766C2-83D3-41B7-9A93-D5AAD14A040F}
	EndGlobalSection
EndGlobal
